
Microsoft Visual Studio Solution File, Format Version 12.00
# Visual Studio 15
VisualStudioVersion = 15.0.28307.1433
MinimumVisualStudioVersion = 10.0.40219.1
Project("{FAE04EC0-301F-11D3-BF4B-00C04F79EFBC}") = "Kasirku", "Kasirku\Kasirku.csproj", "{549C9A38-D41A-4367-A39A-55948C38BB45}"
EndProject
Global
	GlobalSection(SolutionConfigurationPlatforms) = preSolution
		Debug|Any CPU = Debug|Any CPU
		Release|Any CPU = Release|Any CPU
	EndGlobalSection
	GlobalSection(ProjectConfigurationPlatforms) = postSolution
		{549C9A38-D41A-4367-A39A-55948C38BB45}.Debug|Any CPU.ActiveCfg = Debug|Any CPU
		{549C9A38-D41A-4367-A39A-55948C38BB45}.Debug|Any CPU.Build.0 = Debug|Any CPU
		{549C9A38-D41A-4367-A39A-55948C38BB45}.Release|Any CPU.ActiveCfg = Release|Any CPU
		{549C9A38-D41A-4367-A39A-55948C38BB45}.Release|Any CPU.Build.0 = Release|Any CPU
	EndGlobalSection
	GlobalSection(SolutionProperties) = preSolution
		HideSolutionNode = FALSE
	EndGlobalSection
	GlobalSection(ExtensibilityGlobals) = postSolution
		SolutionGuid = {12CBCC8F-5D7D-44BD-9507-8B708CC4F831}
	EndGlobalSection
EndGlobal
